
Microsoft Visual Studio Solution File, Format Version 12.00
# Visual Studio Version 17
VisualStudioVersion = 17.2.32526.322
MinimumVisualStudioVersion = 10.0.40219.1
Project("{FAE04EC0-301F-11D3-BF4B-00C04F79EFBC}") = "VibesAudio", "VibesAudio\VibesAudio.csproj", "{82ABB0E7-B08B-4674-91F5-2E51C3574AD1}"
EndProject
Global
	GlobalSection(SolutionConfigurationPlatforms) = preSolution
		Debug|Any CPU = Debug|Any CPU
		Release|Any CPU = Release|Any CPU
	EndGlobalSection
	GlobalSection(ProjectConfigurationPlatforms) = postSolution
		{82ABB0E7-B08B-4674-91F5-2E51C3574AD1}.Debug|Any CPU.ActiveCfg = Debug|Any CPU
		{82ABB0E7-B08B-4674-91F5-2E51C3574AD1}.Debug|Any CPU.Build.0 = Debug|Any CPU
		{82ABB0E7-B08B-4674-91F5-2E51C3574AD1}.Release|Any CPU.ActiveCfg = Release|Any CPU
		{82ABB0E7-B08B-4674-91F5-2E51C3574AD1}.Release|Any CPU.Build.0 = Release|Any CPU
	EndGlobalSection
	GlobalSection(SolutionProperties) = preSolution
		HideSolutionNode = FALSE
	EndGlobalSection
	GlobalSection(ExtensibilityGlobals) = postSolution
		SolutionGuid = {739B805D-A269-41F9-BF13-47368746914D}
	EndGlobalSection
EndGlobal
